
Microsoft Visual Studio Solution File, Format Version 12.00
# Visual Studio 15
VisualStudioVersion = 15.0.27703.2035
MinimumVisualStudioVersion = 10.0.40219.1
Project("{FAE04EC0-301F-11D3-BF4B-00C04F79EFBC}") = "JogoRpgV1", "543rf\JogoRpgV1.csproj", "{0AA4002A-22A1-42C6-B2DB-5775FA9E84B8}"
EndProject
Global
	GlobalSection(SolutionConfigurationPlatforms) = preSolution
		Debug|Any CPU = Debug|Any CPU
		Release|Any CPU = Release|Any CPU
	EndGlobalSection
	GlobalSection(ProjectConfigurationPlatforms) = postSolution
		{0AA4002A-22A1-42C6-B2DB-5775FA9E84B8}.Debug|Any CPU.ActiveCfg = Debug|Any CPU
		{0AA4002A-22A1-42C6-B2DB-5775FA9E84B8}.Debug|Any CPU.Build.0 = Debug|Any CPU
		{0AA4002A-22A1-42C6-B2DB-5775FA9E84B8}.Release|Any CPU.ActiveCfg = Release|Any CPU
		{0AA4002A-22A1-42C6-B2DB-5775FA9E84B8}.Release|Any CPU.Build.0 = Release|Any CPU
	EndGlobalSection
	GlobalSection(SolutionProperties) = preSolution
		HideSolutionNode = FALSE
	EndGlobalSection
	GlobalSection(ExtensibilityGlobals) = postSolution
		SolutionGuid = {B436ACBB-60C5-4893-AD51-D0C8251E5931}
	EndGlobalSection
EndGlobal
